// !$*UTF8*$!
{
	archiveVersion = 1;
	classes = {
	};
	objectVersion = 46;
	objects = {

/* Begin PBXBuildFile section */
		07BDB0EA441B1EC727D59019 /* Pods_example_ios_travis.framework in Frameworks */ = {isa = PBXBuildFile; fileRef = 16070CB39EDE5BD2BF7F4657 /* Pods_example_ios_travis.framework */; };
		4D97246CAFFDA27B33ED6C1A /* Pods_example_ios_travisUITests.framework in Frameworks */ = {isa = PBXBuildFile; fileRef = A7858725AAAB3946EB433712 /* Pods_example_ios_travisUITests.framework */; };
		62CDCB6D1F56F8850091CEDA /* AppDelegate.swift in Sources */ = {isa = PBXBuildFile; fileRef = 62CDCB6C1F56F8850091CEDA /* AppDelegate.swift */; };
		62CDCB6F1F56F8850091CEDA /* ViewController.swift in Sources */ = {isa = PBXBuildFile; fileRef = 62CDCB6E1F56F8850091CEDA /* ViewController.swift */; };
		62CDCB721F56F8850091CEDA /* Main.storyboard in Resources */ = {isa = PBXBuildFile; fileRef = 62CDCB701F56F8850091CEDA /* Main.storyboard */; };
		62CDCB741F56F8850091CEDA /* Assets.xcassets in Resources */ = {isa = PBXBuildFile; fileRef = 62CDCB731F56F8850091CEDA /* Assets.xcassets */; };
		62CDCB771F56F8850091CEDA /* LaunchScreen.storyboard in Resources */ = {isa = PBXBuildFile; fileRef = 62CDCB751F56F8850091CEDA /* LaunchScreen.storyboard */; };
		62CDCB821F56F8850091CEDA /* example_ios_travisTests.swift in Sources */ = {isa = PBXBuildFile; fileRef = 62CDCB811F56F8850091CEDA /* example_ios_travisTests.swift */; };
		62CDCB8D1F56F8850091CEDA /* example_ios_travisUITests.swift in Sources */ = {isa = PBXBuildFile; fileRef = 62CDCB8C1F56F8850091CEDA /* example_ios_travisUITests.swift */; };
		DE5805B24398DAE0FFE48120 /* Pods_example_ios_travisTests.framework in Frameworks */ = {isa = PBXBuildFile; fileRef = E90F34F76DE6A0D5BF683BF0 /* Pods_example_ios_travisTests.framework */; };
/* End PBXBuildFile section */

/* Begin PBXContainerItemProxy section */
		62CDCB7E1F56F8850091CEDA /* PBXContainerItemProxy */ = {
			isa = PBXContainerItemProxy;
			containerPortal = 62CDCB611F56F8850091CEDA /* Project object */;
			proxyType = 1;
			remoteGlobalIDString = 62CDCB681F56F8850091CEDA;
			remoteInfo = "example-ios-travis";
		};
		62CDCB891F56F8850091CEDA /* PBXContainerItemProxy */ = {
			isa = PBXContainerItemProxy;
			containerPortal = 62CDCB611F56F8850091CEDA /* Project object */;
			proxyType = 1;
			remoteGlobalIDString = 62CDCB681F56F8850091CEDA;
			remoteInfo = "example-ios-travis";
		};
/* End PBXContainerItemProxy section */

/* Begin PBXFileReference section */
		16070CB39EDE5BD2BF7F4657 /* Pods_example_ios_travis.framework */ = {isa = PBXFileReference; explicitFileType = wrapper.framework; includeInIndex = 0; path = Pods_example_ios_travis.framework; sourceTree = BUILT_PRODUCTS_DIR; };
		62CDCB691F56F8850091CEDA /* example-ios-travis.app */ = {isa = PBXFileReference; explicitFileType = wrapper.application; includeInIndex = 0; path = "example-ios-travis.app"; sourceTree = BUILT_PRODUCTS_DIR; };
		62CDCB6C1F56F8850091CEDA /* AppDelegate.swift */ = {isa = PBXFileReference; lastKnownFileType = sourcecode.swift; path = AppDelegate.swift; sourceTree = "<group>"; };
		62CDCB6E1F56F8850091CEDA /* ViewController.swift */ = {isa = PBXFileReference; lastKnownFileType = sourcecode.swift; path = ViewController.swift; sourceTree = "<group>"; };
		62CDCB711F56F8850091CEDA /* Base */ = {isa = PBXFileReference; lastKnownFileType = file.storyboard; name = Base; path = Base.lproj/Main.storyboard; sourceTree = "<group>"; };
		62CDCB731F56F8850091CEDA /* Assets.xcassets */ = {isa = PBXFileReference; lastKnownFileType = folder.assetcatalog; path = Assets.xcassets; sourceTree = "<group>"; };
		62CDCB761F56F8850091CEDA /* Base */ = {isa = PBXFileReference; lastKnownFileType = file.storyboard; name = Base; path = Base.lproj/LaunchScreen.storyboard; sourceTree = "<group>"; };
		62CDCB781F56F8850091CEDA /* Info.plist */ = {isa = PBXFileReference; lastKnownFileType = text.plist.xml; path = Info.plist; sourceTree = "<group>"; };
		62CDCB7D1F56F8850091CEDA /* example-ios-travisTests.xctest */ = {isa = PBXFileReference; explicitFileType = wrapper.cfbundle; includeInIndex = 0; path = "example-ios-travisTests.xctest"; sourceTree = BUILT_PRODUCTS_DIR; };
		62CDCB811F56F8850091CEDA /* example_ios_travisTests.swift */ = {isa = PBXFileReference; lastKnownFileType = sourcecode.swift; path = example_ios_travisTests.swift; sourceTree = "<group>"; };
		62CDCB831F56F8850091CEDA /* Info.plist */ = {isa = PBXFileReference; lastKnownFileType = text.plist.xml; path = Info.plist; sourceTree = "<group>"; };
		62CDCB881F56F8850091CEDA /* example-ios-travisUITests.xctest */ = {isa = PBXFileReference; explicitFileType = wrapper.cfbundle; includeInIndex = 0; path = "example-ios-travisUITests.xctest"; sourceTree = BUILT_PRODUCTS_DIR; };
		62CDCB8C1F56F8850091CEDA /* example_ios_travisUITests.swift */ = {isa = PBXFileReference; lastKnownFileType = sourcecode.swift; path = example_ios_travisUITests.swift; sourceTree = "<group>"; };
		62CDCB8E1F56F8850091CEDA /* Info.plist */ = {isa = PBXFileReference; lastKnownFileType = text.plist.xml; path = Info.plist; sourceTree = "<group>"; };
		6F145E84B7094F122E12D583 /* Pods-example-ios-travisUITests.release.xcconfig */ = {isa = PBXFileReference; includeInIndex = 1; lastKnownFileType = text.xcconfig; name = "Pods-example-ios-travisUITests.release.xcconfig"; path = "Pods/Target Support Files/Pods-example-ios-travisUITests/Pods-example-ios-travisUITests.release.xcconfig"; sourceTree = "<group>"; };
		7D4F035E4E1A0AA42AC9EEC6 /* Pods-example-ios-travisUITests.debug.xcconfig */ = {isa = PBXFileReference; includeInIndex = 1; lastKnownFileType = text.xcconfig; name = "Pods-example-ios-travisUITests.debug.xcconfig"; path = "Pods/Target Support Files/Pods-example-ios-travisUITests/Pods-example-ios-travisUITests.debug.xcconfig"; sourceTree = "<group>"; };
		A7858725AAAB3946EB433712 /* Pods_example_ios_travisUITests.framework */ = {isa = PBXFileReference; explicitFileType = wrapper.framework; includeInIndex = 0; path = Pods_example_ios_travisUITests.framework; sourceTree = BUILT_PRODUCTS_DIR; };
		CB441595361FE6955FF5F102 /* Pods-example-ios-travis.release.xcconfig */ = {isa = PBXFileReference; includeInIndex = 1; lastKnownFileType = text.xcconfig; name = "Pods-example-ios-travis.release.xcconfig"; path = "Pods/Target Support Files/Pods-example-ios-travis/Pods-example-ios-travis.release.xcconfig"; sourceTree = "<group>"; };
		D1ECB67E23C63261961C05CD /* Pods-example-ios-travisTests.release.xcconfig */ = {isa = PBXFileReference; includeInIndex = 1; lastKnownFileType = text.xcconfig; name = "Pods-example-ios-travisTests.release.xcconfig"; path = "Pods/Target Support Files/Pods-example-ios-travisTests/Pods-example-ios-travisTests.release.xcconfig"; sourceTree = "<group>"; };
		D83CB84A81D0A80C97648BA3 /* Pods-example-ios-travis.debug.xcconfig */ = {isa = PBXFileReference; includeInIndex = 1; lastKnownFileType = text.xcconfig; name = "Pods-example-ios-travis.debug.xcconfig"; path = "Pods/Target Support Files/Pods-example-ios-travis/Pods-example-ios-travis.debug.xcconfig"; sourceTree = "<group>"; };
		E1A2640F71D975BC923FDABF /* Pods-example-ios-travisTests.debug.xcconfig */ = {isa = PBXFileReference; includeInIndex = 1; lastKnownFileType = text.xcconfig; name = "Pods-example-ios-travisTests.debug.xcconfig"; path = "Pods/Target Support Files/Pods-example-ios-travisTests/Pods-example-ios-travisTests.debug.xcconfig"; sourceTree = "<group>"; };
		E90F34F76DE6A0D5BF683BF0 /* Pods_example_ios_travisTests.framework */ = {isa = PBXFileReference; explicitFileType = wrapper.framework; includeInIndex = 0; path = Pods_example_ios_travisTests.framework; sourceTree = BUILT_PRODUCTS_DIR; };
/* End PBXFileReference section */

/* Begin PBXFrameworksBuildPhase section */
		62CDCB661F56F8850091CEDA /* Frameworks */ = {
			isa = PBXFrameworksBuildPhase;
			buildActionMask = 2147483647;
			files = (
				07BDB0EA441B1EC727D59019 /* Pods_example_ios_travis.framework in Frameworks */,
			);
			runOnlyForDeploymentPostprocessing = 0;
		};
		62CDCB7A1F56F8850091CEDA /* Frameworks */ = {
			isa = PBXFrameworksBuildPhase;
			buildActionMask = 2147483647;
			files = (
				DE5805B24398DAE0FFE48120 /* Pods_example_ios_travisTests.framework in Frameworks */,
			);
			runOnlyForDeploymentPostprocessing = 0;
		};
		62CDCB851F56F8850091CEDA /* Frameworks */ = {
			isa = PBXFrameworksBuildPhase;
			buildActionMask = 2147483647;
			files = (
				4D97246CAFFDA27B33ED6C1A /* Pods_example_ios_travisUITests.framework in Frameworks */,
			);
			runOnlyForDeploymentPostprocessing = 0;
		};
/* End PBXFrameworksBuildPhase section */

/* Begin PBXGroup section */
		11E4609781E0286C23D834CF /* Pods */ = {
			isa = PBXGroup;
			children = (
				D83CB84A81D0A80C97648BA3 /* Pods-example-ios-travis.debug.xcconfig */,
				CB441595361FE6955FF5F102 /* Pods-example-ios-travis.release.xcconfig */,
				E1A2640F71D975BC923FDABF /* Pods-example-ios-travisTests.debug.xcconfig */,
				D1ECB67E23C63261961C05CD /* Pods-example-ios-travisTests.release.xcconfig */,
				7D4F035E4E1A0AA42AC9EEC6 /* Pods-example-ios-travisUITests.debug.xcconfig */,
				6F145E84B7094F122E12D583 /* Pods-example-ios-travisUITests.release.xcconfig */,
			);
			name = Pods;
			sourceTree = "<group>";
		};
		5D18B3639AD9A864FEB99708 /* Frameworks */ = {
			isa = PBXGroup;
			children = (
				16070CB39EDE5BD2BF7F4657 /* Pods_example_ios_travis.framework */,
				E90F34F76DE6A0D5BF683BF0 /* Pods_example_ios_travisTests.framework */,
				A7858725AAAB3946EB433712 /* Pods_example_ios_travisUITests.framework */,
			);
			name = Frameworks;
			sourceTree = "<group>";
		};
		62CDCB601F56F8850091CEDA = {
			isa = PBXGroup;
			children = (
				62CDCB6B1F56F8850091CEDA /* example-ios-travis */,
				62CDCB801F56F8850091CEDA /* example-ios-travisTests */,
				62CDCB8B1F56F8850091CEDA /* example-ios-travisUITests */,
				62CDCB6A1F56F8850091CEDA /* Products */,
				11E4609781E0286C23D834CF /* Pods */,
				5D18B3639AD9A864FEB99708 /* Frameworks */,
			);
			sourceTree = "<group>";
		};
		62CDCB6A1F56F8850091CEDA /* Products */ = {
			isa = PBXGroup;
			children = (
				62CDCB691F56F8850091CEDA /* example-ios-travis.app */,
				62CDCB7D1F56F8850091CEDA /* example-ios-travisTests.xctest */,
				62CDCB881F56F8850091CEDA /* example-ios-travisUITests.xctest */,
			);
			name = Products;
			sourceTree = "<group>";
		};
		62CDCB6B1F56F8850091CEDA /* example-ios-travis */ = {
			isa = PBXGroup;
			children = (
				62CDCB6C1F56F8850091CEDA /* AppDelegate.swift */,
				62CDCB6E1F56F8850091CEDA /* ViewController.swift */,
				62CDCB701F56F8850091CEDA /* Main.storyboard */,
				62CDCB731F56F8850091CEDA /* Assets.xcassets */,
				62CDCB751F56F8850091CEDA /* LaunchScreen.storyboard */,
				62CDCB781F56F8850091CEDA /* Info.plist */,
			);
			path = "example-ios-travis";
			sourceTree = "<group>";
		};
		62CDCB801F56F8850091CEDA /* example-ios-travisTests */ = {
			isa = PBXGroup;
			children = (
				62CDCB811F56F8850091CEDA /* example_ios_travisTests.swift */,
				62CDCB831F56F8850091CEDA /* Info.plist */,
			);
			path = "example-ios-travisTests";
			sourceTree = "<group>";
		};
		62CDCB8B1F56F8850091CEDA /* example-ios-travisUITests */ = {
			isa = PBXGroup;
			children = (
				62CDCB8C1F56F8850091CEDA /* example_ios_travisUITests.swift */,
				62CDCB8E1F56F8850091CEDA /* Info.plist */,
			);
			path = "example-ios-travisUITests";
			sourceTree = "<group>";
		};
/* End PBXGroup section */

/* Begin PBXNativeTarget section */
		62CDCB681F56F8850091CEDA /* example-ios-travis */ = {
			isa = PBXNativeTarget;
			buildConfigurationList = 62CDCB911F56F8850091CEDA /* Build configuration list for PBXNativeTarget "example-ios-travis" */;
			buildPhases = (
				5356892AAE0F521F56B0B2F9 /* [CP] Check Pods Manifest.lock */,
				62CDCB651F56F8850091CEDA /* Sources */,
				62CDCB661F56F8850091CEDA /* Frameworks */,
				62CDCB671F56F8850091CEDA /* Resources */,
				C28AFC5EF232BE7955580B5B /* [CP] Embed Pods Frameworks */,
				A72699A7637D76B7DE987FE2 /* [CP] Copy Pods Resources */,
			);
			buildRules = (
			);
			dependencies = (
			);
			name = "example-ios-travis";
			productName = "example-ios-travis";
			productReference = 62CDCB691F56F8850091CEDA /* example-ios-travis.app */;
			productType = "com.apple.product-type.application";
		};
		62CDCB7C1F56F8850091CEDA /* example-ios-travisTests */ = {
			isa = PBXNativeTarget;
			buildConfigurationList = 62CDCB941F56F8850091CEDA /* Build configuration list for PBXNativeTarget "example-ios-travisTests" */;
			buildPhases = (
				5506A126211DF820E284B98E /* [CP] Check Pods Manifest.lock */,
				62CDCB791F56F8850091CEDA /* Sources */,
				62CDCB7A1F56F8850091CEDA /* Frameworks */,
				62CDCB7B1F56F8850091CEDA /* Resources */,
				E39D4BCD7E4ACD8313D8E79B /* [CP] Embed Pods Frameworks */,
				D824655F52FA89C74A04018F /* [CP] Copy Pods Resources */,
			);
			buildRules = (
			);
			dependencies = (
				62CDCB7F1F56F8850091CEDA /* PBXTargetDependency */,
			);
			name = "example-ios-travisTests";
			productName = "example-ios-travisTests";
			productReference = 62CDCB7D1F56F8850091CEDA /* example-ios-travisTests.xctest */;
			productType = "com.apple.product-type.bundle.unit-test";
		};
		62CDCB871F56F8850091CEDA /* example-ios-travisUITests */ = {
			isa = PBXNativeTarget;
			buildConfigurationList = 62CDCB971F56F8850091CEDA /* Build configuration list for PBXNativeTarget "example-ios-travisUITests" */;
			buildPhases = (
				400407A56675E03C82E61A16 /* [CP] Check Pods Manifest.lock */,
				62CDCB841F56F8850091CEDA /* Sources */,
				62CDCB851F56F8850091CEDA /* Frameworks */,
				62CDCB861F56F8850091CEDA /* Resources */,
				31A85D169C30F90767398EF7 /* [CP] Embed Pods Frameworks */,
				353E7669BFEDAE3553BEEA78 /* [CP] Copy Pods Resources */,
			);
			buildRules = (
			);
			dependencies = (
				62CDCB8A1F56F8850091CEDA /* PBXTargetDependency */,
			);
			name = "example-ios-travisUITests";
			productName = "example-ios-travisUITests";
			productReference = 62CDCB881F56F8850091CEDA /* example-ios-travisUITests.xctest */;
			productType = "com.apple.product-type.bundle.ui-testing";
		};
/* End PBXNativeTarget section */

/* Begin PBXProject section */
		62CDCB611F56F8850091CEDA /* Project object */ = {
			isa = PBXProject;
			attributes = {
				LastSwiftUpdateCheck = 0830;
				LastUpgradeCheck = 0830;
				ORGANIZATIONNAME = "Black Duck CoPilot";
				TargetAttributes = {
					62CDCB681F56F8850091CEDA = {
						CreatedOnToolsVersion = 8.3.3;
						ProvisioningStyle = Automatic;
					};
					62CDCB7C1F56F8850091CEDA = {
						CreatedOnToolsVersion = 8.3.3;
						ProvisioningStyle = Automatic;
						TestTargetID = 62CDCB681F56F8850091CEDA;
					};
					62CDCB871F56F8850091CEDA = {
						CreatedOnToolsVersion = 8.3.3;
						ProvisioningStyle = Automatic;
						TestTargetID = 62CDCB681F56F8850091CEDA;
					};
				};
			};
			buildConfigurationList = 62CDCB641F56F8850091CEDA /* Build configuration list for PBXProject "example-ios-travis" */;
			compatibilityVersion = "Xcode 3.2";
			developmentRegion = English;
			hasScannedForEncodings = 0;
			knownRegions = (
				en,
				Base,
			);
			mainGroup = 62CDCB601F56F8850091CEDA;
			productRefGroup = 62CDCB6A1F56F8850091CEDA /* Products */;
			projectDirPath = "";
			projectRoot = "";
			targets = (
				62CDCB681F56F8850091CEDA /* example-ios-travis */,
				62CDCB7C1F56F8850091CEDA /* example-ios-travisTests */,
				62CDCB871F56F8850091CEDA /* example-ios-travisUITests */,
			);
		};
/* End PBXProject section */

/* Begin PBXResourcesBuildPhase section */
		62CDCB671F56F8850091CEDA /* Resources */ = {
			isa = PBXResourcesBuildPhase;
			buildActionMask = 2147483647;
			files = (
				62CDCB771F56F8850091CEDA /* LaunchScreen.storyboard in Resources */,
				62CDCB741F56F8850091CEDA /* Assets.xcassets in Resources */,
				62CDCB721F56F8850091CEDA /* Main.storyboard in Resources */,
			);
			runOnlyForDeploymentPostprocessing = 0;
		};
		62CDCB7B1F56F8850091CEDA /* Resources */ = {
			isa = PBXResourcesBuildPhase;
			buildActionMask = 2147483647;
			files = (
			);
			runOnlyForDeploymentPostprocessing = 0;
		};
		62CDCB861F56F8850091CEDA /* Resources */ = {
			isa = PBXResourcesBuildPhase;
			buildActionMask = 2147483647;
			files = (
			);
			runOnlyForDeploymentPostprocessing = 0;
		};
/* End PBXResourcesBuildPhase section */

/* Begin PBXShellScriptBuildPhase section */
		31A85D169C30F90767398EF7 /* [CP] Embed Pods Frameworks */ = {
			isa = PBXShellScriptBuildPhase;
			buildActionMask = 2147483647;
			files = (
			);
			inputPaths = (
			);
			name = "[CP] Embed Pods Frameworks";
			outputPaths = (
			);
			runOnlyForDeploymentPostprocessing = 0;
			shellPath = /bin/sh;
			shellScript = "\"${SRCROOT}/Pods/Target Support Files/Pods-example-ios-travisUITests/Pods-example-ios-travisUITests-frameworks.sh\"\n";
			showEnvVarsInLog = 0;
		};
		353E7669BFEDAE3553BEEA78 /* [CP] Copy Pods Resources */ = {
			isa = PBXShellScriptBuildPhase;
			buildActionMask = 2147483647;
			files = (
			);
			inputPaths = (
			);
			name = "[CP] Copy Pods Resources";
			outputPaths = (
			);
			runOnlyForDeploymentPostprocessing = 0;
			shellPath = /bin/sh;
			shellScript = "\"${SRCROOT}/Pods/Target Support Files/Pods-example-ios-travisUITests/Pods-example-ios-travisUITests-resources.sh\"\n";
			showEnvVarsInLog = 0;
		};
		400407A56675E03C82E61A16 /* [CP] Check Pods Manifest.lock */ = {
			isa = PBXShellScriptBuildPhase;
			buildActionMask = 2147483647;
			files = (
			);
			inputPaths = (
				"${PODS_PODFILE_DIR_PATH}/Podfile.lock",
				"${PODS_ROOT}/Manifest.lock",
			);
			name = "[CP] Check Pods Manifest.lock";
			outputPaths = (
				"$(DERIVED_FILE_DIR)/Pods-example-ios-travisUITests-checkManifestLockResult.txt",
			);
			runOnlyForDeploymentPostprocessing = 0;
			shellPath = /bin/sh;
			shellScript = "diff \"${PODS_PODFILE_DIR_PATH}/Podfile.lock\" \"${PODS_ROOT}/Manifest.lock\" > /dev/null\nif [ $? != 0 ] ; then\n    # print error to STDERR\n    echo \"error: The sandbox is not in sync with the Podfile.lock. Run 'pod install' or update your CocoaPods installation.\" >&2\n    exit 1\nfi\n# This output is used by Xcode 'outputs' to avoid re-running this script phase.\necho \"SUCCESS\" > \"${SCRIPT_OUTPUT_FILE_0}\"\n";
			showEnvVarsInLog = 0;
		};
		5356892AAE0F521F56B0B2F9 /* [CP] Check Pods Manifest.lock */ = {
			isa = PBXShellScriptBuildPhase;
			buildActionMask = 2147483647;
			files = (
			);
			inputPaths = (
				"${PODS_PODFILE_DIR_PATH}/Podfile.lock",
				"${PODS_ROOT}/Manifest.lock",
			);
			name = "[CP] Check Pods Manifest.lock";
			outputPaths = (
				"$(DERIVED_FILE_DIR)/Pods-example-ios-travis-checkManifestLockResult.txt",
			);
			runOnlyForDeploymentPostprocessing = 0;
			shellPath = /bin/sh;
			shellScript = "diff \"${PODS_PODFILE_DIR_PATH}/Podfile.lock\" \"${PODS_ROOT}/Manifest.lock\" > /dev/null\nif [ $? != 0 ] ; then\n    # print error to STDERR\n    echo \"error: The sandbox is not in sync with the Podfile.lock. Run 'pod install' or update your CocoaPods installation.\" >&2\n    exit 1\nfi\n# This output is used by Xcode 'outputs' to avoid re-running this script phase.\necho \"SUCCESS\" > \"${SCRIPT_OUTPUT_FILE_0}\"\n";
			showEnvVarsInLog = 0;
		};
		5506A126211DF820E284B98E /* [CP] Check Pods Manifest.lock */ = {
			isa = PBXShellScriptBuildPhase;
			buildActionMask = 2147483647;
			files = (
			);
			inputPaths = (
				"${PODS_PODFILE_DIR_PATH}/Podfile.lock",
				"${PODS_ROOT}/Manifest.lock",
			);
			name = "[CP] Check Pods Manifest.lock";
			outputPaths = (
				"$(DERIVED_FILE_DIR)/Pods-example-ios-travisTests-checkManifestLockResult.txt",
			);
			runOnlyForDeploymentPostprocessing = 0;
			shellPath = /bin/sh;
			shellScript = "diff \"${PODS_PODFILE_DIR_PATH}/Podfile.lock\" \"${PODS_ROOT}/Manifest.lock\" > /dev/null\nif [ $? != 0 ] ; then\n    # print error to STDERR\n    echo \"error: The sandbox is not in sync with the Podfile.lock. Run 'pod install' or update your CocoaPods installation.\" >&2\n    exit 1\nfi\n# This output is used by Xcode 'outputs' to avoid re-running this script phase.\necho \"SUCCESS\" > \"${SCRIPT_OUTPUT_FILE_0}\"\n";
			showEnvVarsInLog = 0;
		};
		A72699A7637D76B7DE987FE2 /* [CP] Copy Pods Resources */ = {
			isa = PBXShellScriptBuildPhase;
			buildActionMask = 2147483647;
			files = (
			);
			inputPaths = (
			);
			name = "[CP] Copy Pods Resources";
			outputPaths = (
			);
			runOnlyForDeploymentPostprocessing = 0;
			shellPath = /bin/sh;
			shellScript = "\"${SRCROOT}/Pods/Target Support Files/Pods-example-ios-travis/Pods-example-ios-travis-resources.sh\"\n";
			showEnvVarsInLog = 0;
		};
		C28AFC5EF232BE7955580B5B /* [CP] Embed Pods Frameworks */ = {
			isa = PBXShellScriptBuildPhase;
			buildActionMask = 2147483647;
			files = (
			);
			inputPaths = (
				"${SRCROOT}/Pods/Target Support Files/Pods-example-ios-travis/Pods-example-ios-travis-frameworks.sh",
				"${BUILT_PRODUCTS_DIR}/Compose/Compose.framework",
				"${BUILT_PRODUCTS_DIR}/ContactCircularView/ContactCircularView.framework",
				"${BUILT_PRODUCTS_DIR}/PaginatedScrollView/PaginatedScrollView.framework",
				"${BUILT_PRODUCTS_DIR}/SwiftHTTP/SwiftHTTP.framework",
				"${BUILT_PRODUCTS_DIR}/expanding-collection/expanding_collection.framework",
			);
			name = "[CP] Embed Pods Frameworks";
			outputPaths = (
				"${TARGET_BUILD_DIR}/${FRAMEWORKS_FOLDER_PATH}/Compose.framework",
				"${TARGET_BUILD_DIR}/${FRAMEWORKS_FOLDER_PATH}/ContactCircularView.framework",
				"${TARGET_BUILD_DIR}/${FRAMEWORKS_FOLDER_PATH}/PaginatedScrollView.framework",
				"${TARGET_BUILD_DIR}/${FRAMEWORKS_FOLDER_PATH}/SwiftHTTP.framework",
				"${TARGET_BUILD_DIR}/${FRAMEWORKS_FOLDER_PATH}/expanding_collection.framework",
			);
			runOnlyForDeploymentPostprocessing = 0;
			shellPath = /bin/sh;
			shellScript = "\"${SRCROOT}/Pods/Target Support Files/Pods-example-ios-travis/Pods-example-ios-travis-frameworks.sh\"\n";
			showEnvVarsInLog = 0;
		};
		D824655F52FA89C74A04018F /* [CP] Copy Pods Resources */ = {
			isa = PBXShellScriptBuildPhase;
			buildActionMask = 2147483647;
			files = (
			);
			inputPaths = (
			);
			name = "[CP] Copy Pods Resources";
			outputPaths = (
			);
			runOnlyForDeploymentPostprocessing = 0;
			shellPath = /bin/sh;
			shellScript = "\"${SRCROOT}/Pods/Target Support Files/Pods-example-ios-travisTests/Pods-example-ios-travisTests-resources.sh\"\n";
			showEnvVarsInLog = 0;
		};
		E39D4BCD7E4ACD8313D8E79B /* [CP] Embed Pods Frameworks */ = {
			isa = PBXShellScriptBuildPhase;
			buildActionMask = 2147483647;
			files = (
			);
			inputPaths = (
			);
			name = "[CP] Embed Pods Frameworks";
			outputPaths = (
			);
			runOnlyForDeploymentPostprocessing = 0;
			shellPath = /bin/sh;
			shellScript = "\"${SRCROOT}/Pods/Target Support Files/Pods-example-ios-travisTests/Pods-example-ios-travisTests-frameworks.sh\"\n";
			showEnvVarsInLog = 0;
		};
/* End PBXShellScriptBuildPhase section */

/* Begin PBXSourcesBuildPhase section */
		62CDCB651F56F8850091CEDA /* Sources */ = {
			isa = PBXSourcesBuildPhase;
			buildActionMask = 2147483647;
			files = (
				62CDCB6F1F56F8850091CEDA /* ViewController.swift in Sources */,
				62CDCB6D1F56F8850091CEDA /* AppDelegate.swift in Sources */,
			);
			runOnlyForDeploymentPostprocessing = 0;
		};
		62CDCB791F56F8850091CEDA /* Sources */ = {
			isa = PBXSourcesBuildPhase;
			buildActionMask = 2147483647;
			files = (
				62CDCB821F56F8850091CEDA /* example_ios_travisTests.swift in Sources */,
			);
			runOnlyForDeploymentPostprocessing = 0;
		};
		62CDCB841F56F8850091CEDA /* Sources */ = {
			isa = PBXSourcesBuildPhase;
			buildActionMask = 2147483647;
			files = (
				62CDCB8D1F56F8850091CEDA /* example_ios_travisUITests.swift in Sources */,
			);
			runOnlyForDeploymentPostprocessing = 0;
		};
/* End PBXSourcesBuildPhase section */

/* Begin PBXTargetDependency section */
		62CDCB7F1F56F8850091CEDA /* PBXTargetDependency */ = {
			isa = PBXTargetDependency;
			target = 62CDCB681F56F8850091CEDA /* example-ios-travis */;
			targetProxy = 62CDCB7E1F56F8850091CEDA /* PBXContainerItemProxy */;
		};
		62CDCB8A1F56F8850091CEDA /* PBXTargetDependency */ = {
			isa = PBXTargetDependency;
			target = 62CDCB681F56F8850091CEDA /* example-ios-travis */;
			targetProxy = 62CDCB891F56F8850091CEDA /* PBXContainerItemProxy */;
		};
/* End PBXTargetDependency section */

/* Begin PBXVariantGroup section */
		62CDCB701F56F8850091CEDA /* Main.storyboard */ = {
			isa = PBXVariantGroup;
			children = (
				62CDCB711F56F8850091CEDA /* Base */,
			);
			name = Main.storyboard;
			sourceTree = "<group>";
		};
		62CDCB751F56F8850091CEDA /* LaunchScreen.storyboard */ = {
			isa = PBXVariantGroup;
			children = (
				62CDCB761F56F8850091CEDA /* Base */,
			);
			name = LaunchScreen.storyboard;
			sourceTree = "<group>";
		};
/* End PBXVariantGroup section */

/* Begin XCBuildConfiguration section */
		62CDCB8F1F56F8850091CEDA /* Debug */ = {
			isa = XCBuildConfiguration;
			buildSettings = {
				ALWAYS_SEARCH_USER_PATHS = NO;
				CLANG_ANALYZER_NONNULL = YES;
				CLANG_ANALYZER_NUMBER_OBJECT_CONVERSION = YES_AGGRESSIVE;
				CLANG_CXX_LANGUAGE_STANDARD = "gnu++0x";
				CLANG_CXX_LIBRARY = "libc++";
				CLANG_ENABLE_MODULES = YES;
				CLANG_ENABLE_OBJC_ARC = YES;
				CLANG_WARN_BOOL_CONVERSION = YES;
				CLANG_WARN_CONSTANT_CONVERSION = YES;
				CLANG_WARN_DIRECT_OBJC_ISA_USAGE = YES_ERROR;
				CLANG_WARN_DOCUMENTATION_COMMENTS = YES;
				CLANG_WARN_EMPTY_BODY = YES;
				CLANG_WARN_ENUM_CONVERSION = YES;
				CLANG_WARN_INFINITE_RECURSION = YES;
				CLANG_WARN_INT_CONVERSION = YES;
				CLANG_WARN_OBJC_ROOT_CLASS = YES_ERROR;
				CLANG_WARN_SUSPICIOUS_MOVE = YES;
				CLANG_WARN_UNREACHABLE_CODE = YES;
				CLANG_WARN__DUPLICATE_METHOD_MATCH = YES;
				"CODE_SIGN_IDENTITY[sdk=iphoneos*]" = "iPhone Developer";
				COPY_PHASE_STRIP = NO;
				DEBUG_INFORMATION_FORMAT = dwarf;
				ENABLE_STRICT_OBJC_MSGSEND = YES;
				ENABLE_TESTABILITY = YES;
				GCC_C_LANGUAGE_STANDARD = gnu99;
				GCC_DYNAMIC_NO_PIC = NO;
				GCC_NO_COMMON_BLOCKS = YES;
				GCC_OPTIMIZATION_LEVEL = 0;
				GCC_PREPROCESSOR_DEFINITIONS = (
					"DEBUG=1",
					"$(inherited)",
				);
				GCC_WARN_64_TO_32_BIT_CONVERSION = YES;
				GCC_WARN_ABOUT_RETURN_TYPE = YES_ERROR;
				GCC_WARN_UNDECLARED_SELECTOR = YES;
				GCC_WARN_UNINITIALIZED_AUTOS = YES_AGGRESSIVE;
				GCC_WARN_UNUSED_FUNCTION = YES;
				GCC_WARN_UNUSED_VARIABLE = YES;
				IPHONEOS_DEPLOYMENT_TARGET = 10.3;
				MTL_ENABLE_DEBUG_INFO = YES;
				ONLY_ACTIVE_ARCH = YES;
				SDKROOT = iphoneos;
				SWIFT_ACTIVE_COMPILATION_CONDITIONS = DEBUG;
				SWIFT_OPTIMIZATION_LEVEL = "-Onone";
				TARGETED_DEVICE_FAMILY = "1,2";
			};
			name = Debug;
		};
		62CDCB901F56F8850091CEDA /* Release */ = {
			isa = XCBuildConfiguration;
			buildSettings = {
				ALWAYS_SEARCH_USER_PATHS = NO;
				CLANG_ANALYZER_NONNULL = YES;
				CLANG_ANALYZER_NUMBER_OBJECT_CONVERSION = YES_AGGRESSIVE;
				CLANG_CXX_LANGUAGE_STANDARD = "gnu++0x";
				CLANG_CXX_LIBRARY = "libc++";
				CLANG_ENABLE_MODULES = YES;
				CLANG_ENABLE_OBJC_ARC = YES;
				CLANG_WARN_BOOL_CONVERSION = YES;
				CLANG_WARN_CONSTANT_CONVERSION = YES;
				CLANG_WARN_DIRECT_OBJC_ISA_USAGE = YES_ERROR;
				CLANG_WARN_DOCUMENTATION_COMMENTS = YES;
				CLANG_WARN_EMPTY_BODY = YES;
				CLANG_WARN_ENUM_CONVERSION = YES;
				CLANG_WARN_INFINITE_RECURSION = YES;
				CLANG_WARN_INT_CONVERSION = YES;
				CLANG_WARN_OBJC_ROOT_CLASS = YES_ERROR;
				CLANG_WARN_SUSPICIOUS_MOVE = YES;
				CLANG_WARN_UNREACHABLE_CODE = YES;
				CLANG_WARN__DUPLICATE_METHOD_MATCH = YES;
				"CODE_SIGN_IDENTITY[sdk=iphoneos*]" = "iPhone Developer";
				COPY_PHASE_STRIP = NO;
				DEBUG_INFORMATION_FORMAT = "dwarf-with-dsym";
				ENABLE_NS_ASSERTIONS = NO;
				ENABLE_STRICT_OBJC_MSGSEND = YES;
				GCC_C_LANGUAGE_STANDARD = gnu99;
				GCC_NO_COMMON_BLOCKS = YES;
				GCC_WARN_64_TO_32_BIT_CONVERSION = YES;
				GCC_WARN_ABOUT_RETURN_TYPE = YES_ERROR;
				GCC_WARN_UNDECLARED_SELECTOR = YES;
				GCC_WARN_UNINITIALIZED_AUTOS = YES_AGGRESSIVE;
				GCC_WARN_UNUSED_FUNCTION = YES;
				GCC_WARN_UNUSED_VARIABLE = YES;
				IPHONEOS_DEPLOYMENT_TARGET = 10.3;
				MTL_ENABLE_DEBUG_INFO = NO;
				SDKROOT = iphoneos;
				SWIFT_OPTIMIZATION_LEVEL = "-Owholemodule";
				TARGETED_DEVICE_FAMILY = "1,2";
				VALIDATE_PRODUCT = YES;
			};
			name = Release;
		};
		62CDCB921F56F8850091CEDA /* Debug */ = {
			isa = XCBuildConfiguration;
			baseConfigurationReference = D83CB84A81D0A80C97648BA3 /* Pods-example-ios-travis.debug.xcconfig */;
			buildSettings = {
				ASSETCATALOG_COMPILER_APPICON_NAME = AppIcon;
				INFOPLIST_FILE = "example-ios-travis/Info.plist";
				LD_RUNPATH_SEARCH_PATHS = "$(inherited) @executable_path/Frameworks";
				PRODUCT_BUNDLE_IDENTIFIER = "com.blackducksoftware.copilot.example-ios-travis";
				PRODUCT_NAME = "$(TARGET_NAME)";
				SWIFT_VERSION = 3.0;
			};
			name = Debug;
		};
		62CDCB931F56F8850091CEDA /* Release */ = {
			isa = XCBuildConfiguration;
			baseConfigurationReference = CB441595361FE6955FF5F102 /* Pods-example-ios-travis.release.xcconfig */;
			buildSettings = {
				ASSETCATALOG_COMPILER_APPICON_NAME = AppIcon;
				INFOPLIST_FILE = "example-ios-travis/Info.plist";
				LD_RUNPATH_SEARCH_PATHS = "$(inherited) @executable_path/Frameworks";
				PRODUCT_BUNDLE_IDENTIFIER = "com.blackducksoftware.copilot.example-ios-travis";
				PRODUCT_NAME = "$(TARGET_NAME)";
				SWIFT_VERSION = 3.0;
			};
			name = Release;
		};
		62CDCB951F56F8850091CEDA /* Debug */ = {
			isa = XCBuildConfiguration;
			baseConfigurationReference = E1A2640F71D975BC923FDABF /* Pods-example-ios-travisTests.debug.xcconfig */;
			buildSettings = {
				ALWAYS_EMBED_SWIFT_STANDARD_LIBRARIES = YES;
				BUNDLE_LOADER = "$(TEST_HOST)";
				INFOPLIST_FILE = "example-ios-travisTests/Info.plist";
				LD_RUNPATH_SEARCH_PATHS = "$(inherited) @executable_path/Frameworks @loader_path/Frameworks";
				PRODUCT_BUNDLE_IDENTIFIER = "com.blackducksoftware.copilot.example-ios-travisTests";
				PRODUCT_NAME = "$(TARGET_NAME)";
				SWIFT_VERSION = 3.0;
				TEST_HOST = "$(BUILT_PRODUCTS_DIR)/example-ios-travis.app/example-ios-travis";
			};
			name = Debug;
		};
		62CDCB961F56F8850091CEDA /* Release */ = {
			isa = XCBuildConfiguration;
			baseConfigurationReference = D1ECB67E23C63261961C05CD /* Pods-example-ios-travisTests.release.xcconfig */;
			buildSettings = {
				ALWAYS_EMBED_SWIFT_STANDARD_LIBRARIES = YES;
				BUNDLE_LOADER = "$(TEST_HOST)";
				INFOPLIST_FILE = "example-ios-travisTests/Info.plist";
				LD_RUNPATH_SEARCH_PATHS = "$(inherited) @executable_path/Frameworks @loader_path/Frameworks";
				PRODUCT_BUNDLE_IDENTIFIER = "com.blackducksoftware.copilot.example-ios-travisTests";
				PRODUCT_NAME = "$(TARGET_NAME)";
				SWIFT_VERSION = 3.0;
				TEST_HOST = "$(BUILT_PRODUCTS_DIR)/example-ios-travis.app/example-ios-travis";
			};
			name = Release;
		};
		62CDCB981F56F8850091CEDA /* Debug */ = {
			isa = XCBuildConfiguration;
			baseConfigurationReference = 7D4F035E4E1A0AA42AC9EEC6 /* Pods-example-ios-travisUITests.debug.xcconfig */;
			buildSettings = {
				ALWAYS_EMBED_SWIFT_STANDARD_LIBRARIES = YES;
				INFOPLIST_FILE = "example-ios-travisUITests/Info.plist";
				LD_RUNPATH_SEARCH_PATHS = "$(inherited) @executable_path/Frameworks @loader_path/Frameworks";
				PRODUCT_BUNDLE_IDENTIFIER = "com.blackducksoftware.copilot.example-ios-travisUITests";
				PRODUCT_NAME = "$(TARGET_NAME)";
				SWIFT_VERSION = 3.0;
				TEST_TARGET_NAME = "example-ios-travis";
			};
			name = Debug;
		};
		62CDCB991F56F8850091CEDA /* Release */ = {
			isa = XCBuildConfiguration;
			baseConfigurationReference = 6F145E84B7094F122E12D583 /* Pods-example-ios-travisUITests.release.xcconfig */;
			buildSettings = {
				ALWAYS_EMBED_SWIFT_STANDARD_LIBRARIES = YES;
				INFOPLIST_FILE = "example-ios-travisUITests/Info.plist";
				LD_RUNPATH_SEARCH_PATHS = "$(inherited) @executable_path/Frameworks @loader_path/Frameworks";
				PRODUCT_BUNDLE_IDENTIFIER = "com.blackducksoftware.copilot.example-ios-travisUITests";
				PRODUCT_NAME = "$(TARGET_NAME)";
				SWIFT_VERSION = 3.0;
				TEST_TARGET_NAME = "example-ios-travis";
			};
			name = Release;
		};
/* End XCBuildConfiguration section */

/* Begin XCConfigurationList section */
		62CDCB641F56F8850091CEDA /* Build configuration list for PBXProject "example-ios-travis" */ = {
			isa = XCConfigurationList;
			buildConfigurations = (
				62CDCB8F1F56F8850091CEDA /* Debug */,
				62CDCB901F56F8850091CEDA /* Release */,
			);
			defaultConfigurationIsVisible = 0;
			defaultConfigurationName = Release;
		};
		62CDCB911F56F8850091CEDA /* Build configuration list for PBXNativeTarget "example-ios-travis" */ = {
			isa = XCConfigurationList;
			buildConfigurations = (
				62CDCB921F56F8850091CEDA /* Debug */,
				62CDCB931F56F8850091CEDA /* Release */,
			);
			defaultConfigurationIsVisible = 0;
		};
		62CDCB941F56F8850091CEDA /* Build configuration list for PBXNativeTarget "example-ios-travisTests" */ = {
			isa = XCConfigurationList;
			buildConfigurations = (
				62CDCB951F56F8850091CEDA /* Debug */,
				62CDCB961F56F8850091CEDA /* Release */,
			);
			defaultConfigurationIsVisible = 0;
		};
		62CDCB971F56F8850091CEDA /* Build configuration list for PBXNativeTarget "example-ios-travisUITests" */ = {
			isa = XCConfigurationList;
			buildConfigurations = (
				62CDCB981F56F8850091CEDA /* Debug */,
				62CDCB991F56F8850091CEDA /* Release */,
			);
			defaultConfigurationIsVisible = 0;
		};
/* End XCConfigurationList section */
	};
	rootObject = 62CDCB611F56F8850091CEDA /* Project object */;
}
